
Microsoft Visual Studio Solution File, Format Version 12.00
# Visual Studio 15
VisualStudioVersion = 15.0.28307.489
MinimumVisualStudioVersion = 10.0.40219.1
Project("{FAE04EC0-301F-11D3-BF4B-00C04F79EFBC}") = "ProjetSnake2019", "ProjetSnake2019\ProjetSnake2019.csproj", "{6713BA06-97AD-4AB4-A056-7F62CFA0BBDA}"
EndProject
Global
	GlobalSection(SolutionConfigurationPlatforms) = preSolution
		Debug|Any CPU = Debug|Any CPU
		Release|Any CPU = Release|Any CPU
	EndGlobalSection
	GlobalSection(ProjectConfigurationPlatforms) = postSolution
		{6713BA06-97AD-4AB4-A056-7F62CFA0BBDA}.Debug|Any CPU.ActiveCfg = Debug|Any CPU
		{6713BA06-97AD-4AB4-A056-7F62CFA0BBDA}.Debug|Any CPU.Build.0 = Debug|Any CPU
		{6713BA06-97AD-4AB4-A056-7F62CFA0BBDA}.Release|Any CPU.ActiveCfg = Release|Any CPU
		{6713BA06-97AD-4AB4-A056-7F62CFA0BBDA}.Release|Any CPU.Build.0 = Release|Any CPU
	EndGlobalSection
	GlobalSection(SolutionProperties) = preSolution
		HideSolutionNode = FALSE
	EndGlobalSection
	GlobalSection(ExtensibilityGlobals) = postSolution
		SolutionGuid = {E45A6819-3E0B-4596-8B99-FAB2A2634C0A}
	EndGlobalSection
EndGlobal
